// !$*UTF8*$!
{
	archiveVersion = 1;
	classes = {
	};
	objectVersion = 77;
	objects = {

/* Begin PBXBuildFile section */
		001E3A9E2863961477057DA2 /* ReportViewModel.swift in Sources */ = {isa = PBXBuildFile; fileRef = 2033754460492D7D77F18039 /* ReportViewModel.swift */; };
		084EA4DF5B4146D0B3B9E224 /* Localizable.strings in Resources */ = {isa = PBXBuildFile; fileRef = F2C3B82D860DBEAE46000161 /* Localizable.strings */; };
		0A4CA9A149DCC196B6299F53 /* HeatmapWidget.swift in Sources */ = {isa = PBXBuildFile; fileRef = 1A91EFC02093F13F7835EC07 /* HeatmapWidget.swift */; };
		0E9FA4ACAB221DC27926DC81 /* DrumPickerTests.swift in Sources */ = {isa = PBXBuildFile; fileRef = AFD482BE3F0359120522BC4B /* DrumPickerTests.swift */; };
		116B897AF98886EBC20E141B /* WidgetSharedData.swift in Sources */ = {isa = PBXBuildFile; fileRef = 692A4CE44C4629742DF29CB4 /* WidgetSharedData.swift */; };
		11D640EC8A8243985ED5C6B4 /* ContentView.swift in Sources */ = {isa = PBXBuildFile; fileRef = 5E2557D24257006B3A70623E /* ContentView.swift */; };
		150770602ED1172F1DFC11AD /* ReportView.swift in Sources */ = {isa = PBXBuildFile; fileRef = 39EED6F79092D83B426CB8FD /* ReportView.swift */; };
		15904655350632AEA9D4E6BA /* Loader cat.json in Resources */ = {isa = PBXBuildFile; fileRef = BC3857EA2107D24479B6F4A4 /* Loader cat.json */; };
		1C22AFA84D6C0A451062471B /* RunSession.swift in Sources */ = {isa = PBXBuildFile; fileRef = C47A41CB5A0DCC8540B92790 /* RunSession.swift */; };
		1FE862B862923F545FBB6999 /* DrumPickerView.swift in Sources */ = {isa = PBXBuildFile; fileRef = 15637ACAD2484A82A22BDF92 /* DrumPickerView.swift */; };
		224AA6750F55AB20626DDC1E /* AppearanceView.swift in Sources */ = {isa = PBXBuildFile; fileRef = 75A951D7D67AA0736CC5EE18 /* AppearanceView.swift */; };
		245588D9C10C8D3D4CDEF8F9 /* TimerView.swift in Sources */ = {isa = PBXBuildFile; fileRef = 683561C28DAAD36040FC64B6 /* TimerView.swift */; };
		262AB533D5E709E8DDC51585 /* MetronomeServiceTests.swift in Sources */ = {isa = PBXBuildFile; fileRef = 33A81F0CC8EA8B77366D5EC9 /* MetronomeServiceTests.swift */; };
		2AACC927B60CDFC431B51819 /* NotificationsView.swift in Sources */ = {isa = PBXBuildFile; fileRef = DA4AE07ADAB1DDD5531BB1A2 /* NotificationsView.swift */; };
		2E53331D1075FDC6ABF7DBFC /* CalendarWidget.swift in Sources */ = {isa = PBXBuildFile; fileRef = 3430F6B294AB76C39EB1E74C /* CalendarWidget.swift */; };
		32CBC192B0462D0A929B6279 /* JogApp.swift in Sources */ = {isa = PBXBuildFile; fileRef = 6C9700B55E207C8421EF31FF /* JogApp.swift */; };
		38A20A6739EC0EC32EDDAF9F /* NikoNekoWidgetBundle.swift in Sources */ = {isa = PBXBuildFile; fileRef = FB679D1A96C74C6D9ECC5CB0 /* NikoNekoWidgetBundle.swift */; };
		3B70160644FA316EE67E9F24 /* Color+Hex.swift in Sources */ = {isa = PBXBuildFile; fileRef = CE70810786A82B53399969C0 /* Color+Hex.swift */; };
		3BC28031D6E58F2A5769B129 /* SummaryView.swift in Sources */ = {isa = PBXBuildFile; fileRef = 5E52428AFEA5830C9CA70441 /* SummaryView.swift */; };
		45C61964C4251AD7FDD870E9 /* CharacterView.swift in Sources */ = {isa = PBXBuildFile; fileRef = 1BA07617A1ADF8B82799A917 /* CharacterView.swift */; };
		4678815D9F5F462DF49F11BE /* WidgetSharedData.swift in Sources */ = {isa = PBXBuildFile; fileRef = FE2FB9352036C37A85C1E358 /* WidgetSharedData.swift */; };
		ADE725D25D31481DB7C2389A /* WidgetTheme.swift in Sources */ = {isa = PBXBuildFile; fileRef = BD49913BE73D4F229C730940 /* WidgetTheme.swift */; };
		75DA61462FD64D9CB669BCF8 /* TodayDistanceWidget.swift in Sources */ = {isa = PBXBuildFile; fileRef = DE50936AB69144CBBD516119 /* TodayDistanceWidget.swift */; };
		8CCFF715BB804B23B02EFC87 /* TodayStepsWidget.swift in Sources */ = {isa = PBXBuildFile; fileRef = 02182D9B92964F53988CE1E8 /* TodayStepsWidget.swift */; };
		2A04A0BDC70340CF96700732 /* AllStatsWidget.swift in Sources */ = {isa = PBXBuildFile; fileRef = 65694CB94D934A70A14FBA1D /* AllStatsWidget.swift */; };
		4B023B6203D09F52D11F361E /* AppGroupBridgeTests.swift in Sources */ = {isa = PBXBuildFile; fileRef = A36846EE06F8E6FA0E23F62F /* AppGroupBridgeTests.swift */; };
		4FB72CB5628303C7F508576D /* NikoNekoLiveActivityAttributes.swift in Sources */ = {isa = PBXBuildFile; fileRef = 80F008EC514575F3D6BEE87C /* NikoNekoLiveActivityAttributes.swift */; };
		5BB77C26A163FFD28DB3C047 /* LiveActivityService.swift in Sources */ = {isa = PBXBuildFile; fileRef = B3D721D963CCB92F5122648C /* LiveActivityService.swift */; };
		5C01188090135C0BDA392DBF /* BLEHeartRateManager.swift in Sources */ = {isa = PBXBuildFile; fileRef = 93C4C9329B6E813CD1FFF321 /* BLEHeartRateManager.swift */; };
		5FADD0201D1B6E8E31B9B79E /* CharacterPickerView.swift in Sources */ = {isa = PBXBuildFile; fileRef = A31A4722E86CCC15FEF8A34E /* CharacterPickerView.swift */; };
		6075677081CE64D0432D1B04 /* BarChartView.swift in Sources */ = {isa = PBXBuildFile; fileRef = 83F9DCA77BE44839B071ADB6 /* BarChartView.swift */; };
		683D451A170E65E6C8AE53DB /* ThemeTokens.swift in Sources */ = {isa = PBXBuildFile; fileRef = 03D4FF987E86A2ED1BF4CA64 /* ThemeTokens.swift */; };
		698005F3EEAB77449C607BA9 /* BarColorTests.swift in Sources */ = {isa = PBXBuildFile; fileRef = 723CA97A98DB13E1FC5D6DA2 /* BarColorTests.swift */; };
		6FA05A34D35CF0FD79085EEB /* MotionServiceTests.swift in Sources */ = {isa = PBXBuildFile; fileRef = 0590DDEE163696F0BB7616C5 /* MotionServiceTests.swift */; };
		70F76358B48AD7AC047E9A78 /* SettingsView.swift in Sources */ = {isa = PBXBuildFile; fileRef = 3CCED456EC26FF17E1687557 /* SettingsView.swift */; };
		7A04A782CED3C8A5FDE59A68 /* BPMPanelView.swift in Sources */ = {isa = PBXBuildFile; fileRef = BAFF643108FF44CE0A575F9B /* BPMPanelView.swift */; };
		7CB244948A1DA1DE6C73A710 /* UserProfile.swift in Sources */ = {isa = PBXBuildFile; fileRef = 0766CFAF5B8392B7C3B1BA99 /* UserProfile.swift */; };
		7D2D06F23FD23EDD46FC449C /* DefaultsView.swift in Sources */ = {isa = PBXBuildFile; fileRef = 6122A3593C727B79F42BC445 /* DefaultsView.swift */; };
		8005265A02D7F322507CB587 /* HeartRateServiceTests.swift in Sources */ = {isa = PBXBuildFile; fileRef = 936762368324ECC658B74C0F /* HeartRateServiceTests.swift */; };
		82215704DC246B9BB13ECD1A /* ThemeManager.swift in Sources */ = {isa = PBXBuildFile; fileRef = 3976078715F6225646B2ACBA /* ThemeManager.swift */; };
		88B84CC75AACE3C5594864C2 /* SummaryViewModel.swift in Sources */ = {isa = PBXBuildFile; fileRef = E3C6394E4CA30F033907F733 /* SummaryViewModel.swift */; };
		8AB8674DE987BB6124193A2D /* MotionService.swift in Sources */ = {isa = PBXBuildFile; fileRef = F62191EE7B8EE56F062463D2 /* MotionService.swift */; };
		97B761E1E11BA02B234FB2C8 /* WidgetDataTests.swift in Sources */ = {isa = PBXBuildFile; fileRef = C8E0F352C37B73F692CC63D0 /* WidgetDataTests.swift */; };
		9A7DED754E0D45F4F30FE23C /* NotificationService.swift in Sources */ = {isa = PBXBuildFile; fileRef = 4B96B25A530CAD4829826F8B /* NotificationService.swift */; };
		A00CD2EFAD44BA1062193307 /* WidgetSettingsView.swift in Sources */ = {isa = PBXBuildFile; fileRef = 9BE1A57D985D42E58F16F21A /* WidgetSettingsView.swift */; };
		A21530874B4CE5255B0B71EF /* HealthKitService.swift in Sources */ = {isa = PBXBuildFile; fileRef = 4B479A6B08DA7AF4D6DF0489 /* HealthKitService.swift */; };
		A5B6D967C59FA96ADD3304FD /* LottieCharacterView.swift in Sources */ = {isa = PBXBuildFile; fileRef = 3DC93C89ACDC3B32CD28C3F6 /* LottieCharacterView.swift */; };
		A9D26887E563CFFD485F6AFE /* PlaceholderCharacterView.swift in Sources */ = {isa = PBXBuildFile; fileRef = 1A80A80A06A255F8197DB14B /* PlaceholderCharacterView.swift */; };
		ACBB147C11F9E8DC31BA296F /* ShareCardView.swift in Sources */ = {isa = PBXBuildFile; fileRef = 99EFA2C278A02AF7C6A03F91 /* ShareCardView.swift */; };
		B9CC082CDCC8698CFD62C27F /* SummaryViewModelTests.swift in Sources */ = {isa = PBXBuildFile; fileRef = 88C0C5D0756AB6633FABFC4D /* SummaryViewModelTests.swift */; };
		BB647FE5566A775E8EBEA2DB /* TotalTimeWidget.swift in Sources */ = {isa = PBXBuildFile; fileRef = 6FC6EC592FDFCB451D671B50 /* TotalTimeWidget.swift */; };
		BE3EC2A2BB072C0AD7FE7B34 /* Lottie in Frameworks */ = {isa = PBXBuildFile; productRef = E2E7458600F715689DA8114C /* Lottie */; };
		C1135C0C4DBE8D721A2B0108 /* SessionDetailView.swift in Sources */ = {isa = PBXBuildFile; fileRef = 40B2416199CDA9A73244756D /* SessionDetailView.swift */; };
		C2FCE20EFCD323FC9BF7E362 /* ThemeLibrary.swift in Sources */ = {isa = PBXBuildFile; fileRef = 276EE26A2EA0588721536ADC /* ThemeLibrary.swift */; };
		C50EE854F60BBD3C0005656F /* HeartRateService.swift in Sources */ = {isa = PBXBuildFile; fileRef = 3F3BE25830E57B84BE11522F /* HeartRateService.swift */; };
		C53DF6D8656AD38A847A78B4 /* ThresholdConfig.swift in Sources */ = {isa = PBXBuildFile; fileRef = 9B6E57BB9AB171C43795D8D3 /* ThresholdConfig.swift */; };
		CB0D7B65CA278F3FCD8E67CD /* ThemeLibraryTests.swift in Sources */ = {isa = PBXBuildFile; fileRef = 47C6C35DB6789D15893E88FB /* ThemeLibraryTests.swift */; };
		CF9744269F992B9BDEF28D98 /* AppGroupDefaults.swift in Sources */ = {isa = PBXBuildFile; fileRef = 41CC69BAD559A35148CE22CE /* AppGroupDefaults.swift */; };
		CFDAE6CC1A46F86B8C113FB0 /* DataSyncView.swift in Sources */ = {isa = PBXBuildFile; fileRef = DA30BB7EC8E9C43340904825 /* DataSyncView.swift */; };
		D6501BC66A4A5476CA4F2E3A /* MetronomeService.swift in Sources */ = {isa = PBXBuildFile; fileRef = 64A139D04CE594B0310B390D /* MetronomeService.swift */; };
		D7AF75D6579CFCBF3B87363A /* ReportViewModelTests.swift in Sources */ = {isa = PBXBuildFile; fileRef = B651FBED4DA2547C58BDD0AF /* ReportViewModelTests.swift */; };
		E4DFBCC46CFC50B78E09F947 /* NikoNekoLiveActivityView.swift in Sources */ = {isa = PBXBuildFile; fileRef = ECB4FFF4351D6AEBD495C876 /* NikoNekoLiveActivityView.swift */; };
		E93A8C7AB9AE9AEA912AF603 /* StreakWidget.swift in Sources */ = {isa = PBXBuildFile; fileRef = 55E4AF6D353E4E702654D308 /* StreakWidget.swift */; };
		ED783424F7C4AFE59C4C4465 /* LanguageManager.swift in Sources */ = {isa = PBXBuildFile; fileRef = 0B27218DDBF5760415222496 /* LanguageManager.swift */; };
		F7173C25F57435EC47C9A812 /* TimerViewModel.swift in Sources */ = {isa = PBXBuildFile; fileRef = D23B0F4EDAB5707630CF45A9 /* TimerViewModel.swift */; };
		F7BC978AD298CDA3A6841412 /* AppGroupDefaultsTests.swift in Sources */ = {isa = PBXBuildFile; fileRef = 61118AA292061AB685874C87 /* AppGroupDefaultsTests.swift */; };
		FA096AF93CDA70DEE91A3501 /* TimerViewModelTests.swift in Sources */ = {isa = PBXBuildFile; fileRef = 39530A75977A09DA84D2124C /* TimerViewModelTests.swift */; };
		FFAF81159DD3F1F71B9FD84C /* DisplayView.swift in Sources */ = {isa = PBXBuildFile; fileRef = 16D4725502CD58ABA44F5E4B /* DisplayView.swift */; };
/* End PBXBuildFile section */

/* Begin PBXContainerItemProxy section */
		113A6AEF44D6787528AA2F7B /* PBXContainerItemProxy */ = {
			isa = PBXContainerItemProxy;
			containerPortal = 39764C712F7E7B302B3DCF7F /* Project object */;
			proxyType = 1;
			remoteGlobalIDString = 153FBF27F168F014C2265E0F;
			remoteInfo = nikoneko;
		};
		4E4325D690ED23E694D12343 /* PBXContainerItemProxy */ = {
			isa = PBXContainerItemProxy;
			containerPortal = 39764C712F7E7B302B3DCF7F /* Project object */;
			proxyType = 1;
			remoteGlobalIDString = 153FBF27F168F014C2265E0F;
			remoteInfo = nikoneko;
		};
/* End PBXContainerItemProxy section */

/* Begin PBXFileReference section */
		03D4FF987E86A2ED1BF4CA64 /* ThemeTokens.swift */ = {isa = PBXFileReference; lastKnownFileType = sourcecode.swift; path = ThemeTokens.swift; sourceTree = "<group>"; };
		0590DDEE163696F0BB7616C5 /* MotionServiceTests.swift */ = {isa = PBXFileReference; lastKnownFileType = sourcecode.swift; path = MotionServiceTests.swift; sourceTree = "<group>"; };
		0766CFAF5B8392B7C3B1BA99 /* UserProfile.swift */ = {isa = PBXFileReference; lastKnownFileType = sourcecode.swift; path = UserProfile.swift; sourceTree = "<group>"; };
		0B27218DDBF5760415222496 /* LanguageManager.swift */ = {isa = PBXFileReference; lastKnownFileType = sourcecode.swift; path = LanguageManager.swift; sourceTree = "<group>"; };
		0F8388470D6412953108A09D /* nikoneko.app */ = {isa = PBXFileReference; explicitFileType = wrapper.application; includeInIndex = 0; path = nikoneko.app; sourceTree = BUILT_PRODUCTS_DIR; };
		15637ACAD2484A82A22BDF92 /* DrumPickerView.swift */ = {isa = PBXFileReference; lastKnownFileType = sourcecode.swift; path = DrumPickerView.swift; sourceTree = "<group>"; };
		16D4725502CD58ABA44F5E4B /* DisplayView.swift */ = {isa = PBXFileReference; lastKnownFileType = sourcecode.swift; path = DisplayView.swift; sourceTree = "<group>"; };
		1A80A80A06A255F8197DB14B /* PlaceholderCharacterView.swift */ = {isa = PBXFileReference; lastKnownFileType = sourcecode.swift; path = PlaceholderCharacterView.swift; sourceTree = "<group>"; };
		1A91EFC02093F13F7835EC07 /* HeatmapWidget.swift */ = {isa = PBXFileReference; lastKnownFileType = sourcecode.swift; path = HeatmapWidget.swift; sourceTree = "<group>"; };
		1BA07617A1ADF8B82799A917 /* CharacterView.swift */ = {isa = PBXFileReference; lastKnownFileType = sourcecode.swift; path = CharacterView.swift; sourceTree = "<group>"; };
		2033754460492D7D77F18039 /* ReportViewModel.swift */ = {isa = PBXFileReference; lastKnownFileType = sourcecode.swift; path = ReportViewModel.swift; sourceTree = "<group>"; };
		276EE26A2EA0588721536ADC /* ThemeLibrary.swift */ = {isa = PBXFileReference; lastKnownFileType = sourcecode.swift; path = ThemeLibrary.swift; sourceTree = "<group>"; };
		33A81F0CC8EA8B77366D5EC9 /* MetronomeServiceTests.swift */ = {isa = PBXFileReference; lastKnownFileType = sourcecode.swift; path = MetronomeServiceTests.swift; sourceTree = "<group>"; };
		3430F6B294AB76C39EB1E74C /* CalendarWidget.swift */ = {isa = PBXFileReference; lastKnownFileType = sourcecode.swift; path = CalendarWidget.swift; sourceTree = "<group>"; };
		355E073745B4615EEFEBDD9F /* Info.plist */ = {isa = PBXFileReference; lastKnownFileType = text.plist; path = Info.plist; sourceTree = "<group>"; };
		39530A75977A09DA84D2124C /* TimerViewModelTests.swift */ = {isa = PBXFileReference; lastKnownFileType = sourcecode.swift; path = TimerViewModelTests.swift; sourceTree = "<group>"; };
		3976078715F6225646B2ACBA /* ThemeManager.swift */ = {isa = PBXFileReference; lastKnownFileType = sourcecode.swift; path = ThemeManager.swift; sourceTree = "<group>"; };
		39EED6F79092D83B426CB8FD /* ReportView.swift */ = {isa = PBXFileReference; lastKnownFileType = sourcecode.swift; path = ReportView.swift; sourceTree = "<group>"; };
		3CCED456EC26FF17E1687557 /* SettingsView.swift */ = {isa = PBXFileReference; lastKnownFileType = sourcecode.swift; path = SettingsView.swift; sourceTree = "<group>"; };
		3DC93C89ACDC3B32CD28C3F6 /* LottieCharacterView.swift */ = {isa = PBXFileReference; lastKnownFileType = sourcecode.swift; path = LottieCharacterView.swift; sourceTree = "<group>"; };
		3F3BE25830E57B84BE11522F /* HeartRateService.swift */ = {isa = PBXFileReference; lastKnownFileType = sourcecode.swift; path = HeartRateService.swift; sourceTree = "<group>"; };
		40B2416199CDA9A73244756D /* SessionDetailView.swift */ = {isa = PBXFileReference; lastKnownFileType = sourcecode.swift; path = SessionDetailView.swift; sourceTree = "<group>"; };
		41CC69BAD559A35148CE22CE /* AppGroupDefaults.swift */ = {isa = PBXFileReference; lastKnownFileType = sourcecode.swift; path = AppGroupDefaults.swift; sourceTree = "<group>"; };
		47C6C35DB6789D15893E88FB /* ThemeLibraryTests.swift */ = {isa = PBXFileReference; lastKnownFileType = sourcecode.swift; path = ThemeLibraryTests.swift; sourceTree = "<group>"; };
		4B479A6B08DA7AF4D6DF0489 /* HealthKitService.swift */ = {isa = PBXFileReference; lastKnownFileType = sourcecode.swift; path = HealthKitService.swift; sourceTree = "<group>"; };
		4B96B25A530CAD4829826F8B /* NotificationService.swift */ = {isa = PBXFileReference; lastKnownFileType = sourcecode.swift; path = NotificationService.swift; sourceTree = "<group>"; };
		55E4AF6D353E4E702654D308 /* StreakWidget.swift */ = {isa = PBXFileReference; lastKnownFileType = sourcecode.swift; path = StreakWidget.swift; sourceTree = "<group>"; };
		5E2557D24257006B3A70623E /* ContentView.swift */ = {isa = PBXFileReference; lastKnownFileType = sourcecode.swift; path = ContentView.swift; sourceTree = "<group>"; };
		5E52428AFEA5830C9CA70441 /* SummaryView.swift */ = {isa = PBXFileReference; lastKnownFileType = sourcecode.swift; path = SummaryView.swift; sourceTree = "<group>"; };
		61118AA292061AB685874C87 /* AppGroupDefaultsTests.swift */ = {isa = PBXFileReference; lastKnownFileType = sourcecode.swift; path = AppGroupDefaultsTests.swift; sourceTree = "<group>"; };
		6122A3593C727B79F42BC445 /* DefaultsView.swift */ = {isa = PBXFileReference; lastKnownFileType = sourcecode.swift; path = DefaultsView.swift; sourceTree = "<group>"; };
		61A73F6EE18AB3CDBB78EDEB /* .gitkeep */ = {isa = PBXFileReference; lastKnownFileType = text; path = .gitkeep; sourceTree = "<group>"; };
		64A139D04CE594B0310B390D /* MetronomeService.swift */ = {isa = PBXFileReference; lastKnownFileType = sourcecode.swift; path = MetronomeService.swift; sourceTree = "<group>"; };
		683561C28DAAD36040FC64B6 /* TimerView.swift */ = {isa = PBXFileReference; lastKnownFileType = sourcecode.swift; path = TimerView.swift; sourceTree = "<group>"; };
		692A4CE44C4629742DF29CB4 /* WidgetSharedData.swift */ = {isa = PBXFileReference; lastKnownFileType = sourcecode.swift; path = WidgetSharedData.swift; sourceTree = "<group>"; };
		6C9700B55E207C8421EF31FF /* JogApp.swift */ = {isa = PBXFileReference; lastKnownFileType = sourcecode.swift; path = JogApp.swift; sourceTree = "<group>"; };
		6FC6EC592FDFCB451D671B50 /* TotalTimeWidget.swift */ = {isa = PBXFileReference; lastKnownFileType = sourcecode.swift; path = TotalTimeWidget.swift; sourceTree = "<group>"; };
		BD49913BE73D4F229C730940 /* WidgetTheme.swift */ = {isa = PBXFileReference; lastKnownFileType = sourcecode.swift; path = WidgetTheme.swift; sourceTree = "<group>"; };
		DE50936AB69144CBBD516119 /* TodayDistanceWidget.swift */ = {isa = PBXFileReference; lastKnownFileType = sourcecode.swift; path = TodayDistanceWidget.swift; sourceTree = "<group>"; };
		02182D9B92964F53988CE1E8 /* TodayStepsWidget.swift */ = {isa = PBXFileReference; lastKnownFileType = sourcecode.swift; path = TodayStepsWidget.swift; sourceTree = "<group>"; };
		65694CB94D934A70A14FBA1D /* AllStatsWidget.swift */ = {isa = PBXFileReference; lastKnownFileType = sourcecode.swift; path = AllStatsWidget.swift; sourceTree = "<group>"; };
		723CA97A98DB13E1FC5D6DA2 /* BarColorTests.swift */ = {isa = PBXFileReference; lastKnownFileType = sourcecode.swift; path = BarColorTests.swift; sourceTree = "<group>"; };
		75A951D7D67AA0736CC5EE18 /* AppearanceView.swift */ = {isa = PBXFileReference; lastKnownFileType = sourcecode.swift; path = AppearanceView.swift; sourceTree = "<group>"; };
		80F008EC514575F3D6BEE87C /* NikoNekoLiveActivityAttributes.swift */ = {isa = PBXFileReference; lastKnownFileType = sourcecode.swift; path = NikoNekoLiveActivityAttributes.swift; sourceTree = "<group>"; };
		83F9DCA77BE44839B071ADB6 /* BarChartView.swift */ = {isa = PBXFileReference; lastKnownFileType = sourcecode.swift; path = BarChartView.swift; sourceTree = "<group>"; };
		88C0C5D0756AB6633FABFC4D /* SummaryViewModelTests.swift */ = {isa = PBXFileReference; lastKnownFileType = sourcecode.swift; path = SummaryViewModelTests.swift; sourceTree = "<group>"; };
		8BC965E669918E66458C20DA /* nikonekoTests.xctest */ = {isa = PBXFileReference; includeInIndex = 0; lastKnownFileType = wrapper.cfbundle; path = nikonekoTests.xctest; sourceTree = BUILT_PRODUCTS_DIR; };
		9118A77F59F326480E2C1664 /* zh-Hant */ = {isa = PBXFileReference; lastKnownFileType = text.plist.strings; name = "zh-Hant"; path = "zh-Hant.lproj/Localizable.strings"; sourceTree = "<group>"; };
		936762368324ECC658B74C0F /* HeartRateServiceTests.swift */ = {isa = PBXFileReference; lastKnownFileType = sourcecode.swift; path = HeartRateServiceTests.swift; sourceTree = "<group>"; };
		93C4C9329B6E813CD1FFF321 /* BLEHeartRateManager.swift */ = {isa = PBXFileReference; lastKnownFileType = sourcecode.swift; path = BLEHeartRateManager.swift; sourceTree = "<group>"; };
		99EFA2C278A02AF7C6A03F91 /* ShareCardView.swift */ = {isa = PBXFileReference; lastKnownFileType = sourcecode.swift; path = ShareCardView.swift; sourceTree = "<group>"; };
		9B6E57BB9AB171C43795D8D3 /* ThresholdConfig.swift */ = {isa = PBXFileReference; lastKnownFileType = sourcecode.swift; path = ThresholdConfig.swift; sourceTree = "<group>"; };
		9BE1A57D985D42E58F16F21A /* WidgetSettingsView.swift */ = {isa = PBXFileReference; lastKnownFileType = sourcecode.swift; path = WidgetSettingsView.swift; sourceTree = "<group>"; };
		A31A4722E86CCC15FEF8A34E /* CharacterPickerView.swift */ = {isa = PBXFileReference; lastKnownFileType = sourcecode.swift; path = CharacterPickerView.swift; sourceTree = "<group>"; };
		A36846EE06F8E6FA0E23F62F /* AppGroupBridgeTests.swift */ = {isa = PBXFileReference; lastKnownFileType = sourcecode.swift; path = AppGroupBridgeTests.swift; sourceTree = "<group>"; };
		A773C14EF9E00ACA62E02764 /* Info.plist */ = {isa = PBXFileReference; lastKnownFileType = text.plist; path = Info.plist; sourceTree = "<group>"; };
		AE1027956259A50017675FD5 /* .gitkeep */ = {isa = PBXFileReference; lastKnownFileType = text; path = .gitkeep; sourceTree = "<group>"; };
		AFD482BE3F0359120522BC4B /* DrumPickerTests.swift */ = {isa = PBXFileReference; lastKnownFileType = sourcecode.swift; path = DrumPickerTests.swift; sourceTree = "<group>"; };
		B3D721D963CCB92F5122648C /* LiveActivityService.swift */ = {isa = PBXFileReference; lastKnownFileType = sourcecode.swift; path = LiveActivityService.swift; sourceTree = "<group>"; };
		B651FBED4DA2547C58BDD0AF /* ReportViewModelTests.swift */ = {isa = PBXFileReference; lastKnownFileType = sourcecode.swift; path = ReportViewModelTests.swift; sourceTree = "<group>"; };
		BAFF643108FF44CE0A575F9B /* BPMPanelView.swift */ = {isa = PBXFileReference; lastKnownFileType = sourcecode.swift; path = BPMPanelView.swift; sourceTree = "<group>"; };
		BC3857EA2107D24479B6F4A4 /* Loader cat.json */ = {isa = PBXFileReference; lastKnownFileType = text.json; path = "Loader cat.json"; sourceTree = "<group>"; };
		C47A41CB5A0DCC8540B92790 /* RunSession.swift */ = {isa = PBXFileReference; lastKnownFileType = sourcecode.swift; path = RunSession.swift; sourceTree = "<group>"; };
		C8E0F352C37B73F692CC63D0 /* WidgetDataTests.swift */ = {isa = PBXFileReference; lastKnownFileType = sourcecode.swift; path = WidgetDataTests.swift; sourceTree = "<group>"; };
		CE70810786A82B53399969C0 /* Color+Hex.swift */ = {isa = PBXFileReference; lastKnownFileType = sourcecode.swift; path = "Color+Hex.swift"; sourceTree = "<group>"; };
		D23B0F4EDAB5707630CF45A9 /* TimerViewModel.swift */ = {isa = PBXFileReference; lastKnownFileType = sourcecode.swift; path = TimerViewModel.swift; sourceTree = "<group>"; };
		DA30BB7EC8E9C43340904825 /* DataSyncView.swift */ = {isa = PBXFileReference; lastKnownFileType = sourcecode.swift; path = DataSyncView.swift; sourceTree = "<group>"; };
		DA4AE07ADAB1DDD5531BB1A2 /* NotificationsView.swift */ = {isa = PBXFileReference; lastKnownFileType = sourcecode.swift; path = NotificationsView.swift; sourceTree = "<group>"; };
		E3C6394E4CA30F033907F733 /* SummaryViewModel.swift */ = {isa = PBXFileReference; lastKnownFileType = sourcecode.swift; path = SummaryViewModel.swift; sourceTree = "<group>"; };
		ECB4FFF4351D6AEBD495C876 /* NikoNekoLiveActivityView.swift */ = {isa = PBXFileReference; lastKnownFileType = sourcecode.swift; path = NikoNekoLiveActivityView.swift; sourceTree = "<group>"; };
		F32F0C166D5DDA3A539EF0ED /* NikoNekoWidgets.appex */ = {isa = PBXFileReference; explicitFileType = "wrapper.app-extension"; includeInIndex = 0; path = NikoNekoWidgets.appex; sourceTree = BUILT_PRODUCTS_DIR; };
		F62191EE7B8EE56F062463D2 /* MotionService.swift */ = {isa = PBXFileReference; lastKnownFileType = sourcecode.swift; path = MotionService.swift; sourceTree = "<group>"; };
		FB679D1A96C74C6D9ECC5CB0 /* NikoNekoWidgetBundle.swift */ = {isa = PBXFileReference; lastKnownFileType = sourcecode.swift; path = NikoNekoWidgetBundle.swift; sourceTree = "<group>"; };
		FE2FB9352036C37A85C1E358 /* WidgetSharedData.swift */ = {isa = PBXFileReference; lastKnownFileType = sourcecode.swift; path = WidgetSharedData.swift; sourceTree = "<group>"; };
		FF7B559E3D5EF803936C4B5F /* en */ = {isa = PBXFileReference; lastKnownFileType = text.plist.strings; name = en; path = en.lproj/Localizable.strings; sourceTree = "<group>"; };
/* End PBXFileReference section */

/* Begin PBXFrameworksBuildPhase section */
		E98D881927F50B0E1BCDC2ED /* Frameworks */ = {
			isa = PBXFrameworksBuildPhase;
			buildActionMask = 2147483647;
			files = (
				BE3EC2A2BB072C0AD7FE7B34 /* Lottie in Frameworks */,
			);
			runOnlyForDeploymentPostprocessing = 0;
		};
/* End PBXFrameworksBuildPhase section */

/* Begin PBXGroup section */
		1055F723C307BC1DAA3992BE /* Models */ = {
			isa = PBXGroup;
			children = (
				C47A41CB5A0DCC8540B92790 /* RunSession.swift */,
				9B6E57BB9AB171C43795D8D3 /* ThresholdConfig.swift */,
				0766CFAF5B8392B7C3B1BA99 /* UserProfile.swift */,
			);
			path = Models;
			sourceTree = "<group>";
		};
		143871248E2FF0577B88FA07 /* Core */ = {
			isa = PBXGroup;
			children = (
				AA1F8AB125C283D0BAB09631 /* Extensions */,
				1055F723C307BC1DAA3992BE /* Models */,
				A03140EC013430FCCDB1065A /* Theme */,
				41CC69BAD559A35148CE22CE /* AppGroupDefaults.swift */,
				0B27218DDBF5760415222496 /* LanguageManager.swift */,
				692A4CE44C4629742DF29CB4 /* WidgetSharedData.swift */,
			);
			path = Core;
			sourceTree = "<group>";
		};
		3A94E9989EB0B6316DD6075B /* Services */ = {
			isa = PBXGroup;
			children = (
				93C4C9329B6E813CD1FFF321 /* BLEHeartRateManager.swift */,
				4B479A6B08DA7AF4D6DF0489 /* HealthKitService.swift */,
				3F3BE25830E57B84BE11522F /* HeartRateService.swift */,
				B3D721D963CCB92F5122648C /* LiveActivityService.swift */,
				64A139D04CE594B0310B390D /* MetronomeService.swift */,
				F62191EE7B8EE56F062463D2 /* MotionService.swift */,
				4B96B25A530CAD4829826F8B /* NotificationService.swift */,
			);
			path = Services;
			sourceTree = "<group>";
		};
		50865C69F40BED41C96951AB /* App */ = {
			isa = PBXGroup;
			children = (
				5E2557D24257006B3A70623E /* ContentView.swift */,
				355E073745B4615EEFEBDD9F /* Info.plist */,
				6C9700B55E207C8421EF31FF /* JogApp.swift */,
			);
			path = App;
			sourceTree = "<group>";
		};
		50DD77A67A66347DD0654BA7 /* Lottie */ = {
			isa = PBXGroup;
			children = (
				AE1027956259A50017675FD5 /* .gitkeep */,
				BC3857EA2107D24479B6F4A4 /* Loader cat.json */,
			);
			path = Lottie;
			sourceTree = "<group>";
		};
		52EF4A1F3A4C0729480C10C0 /* LiveActivity */ = {
			isa = PBXGroup;
			children = (
				80F008EC514575F3D6BEE87C /* NikoNekoLiveActivityAttributes.swift */,
				ECB4FFF4351D6AEBD495C876 /* NikoNekoLiveActivityView.swift */,
			);
			path = LiveActivity;
			sourceTree = "<group>";
		};
		5FCE3792D669DD58AF736091 = {
			isa = PBXGroup;
			children = (
				7F22622DD5D8311C93AF7291 /* nikoneko */,
				AE62125485B3DC3B898BC020 /* Products */,
			);
			sourceTree = "<group>";
		};
		67078DCA44469CD77CD01CCA /* Tests */ = {
			isa = PBXGroup;
			children = (
				A2FC1D84DC363E72A632F72E /* IntegrationTests */,
				D4B5397D1A474F610B592EB2 /* UnitTests */,
			);
			path = Tests;
			sourceTree = "<group>";
		};
		6B8EA27D4F2A25635F37A53A /* Resources */ = {
			isa = PBXGroup;
			children = (
				F2C3B82D860DBEAE46000161 /* Localizable.strings */,
				EC857D7B90F7F55865B446B8 /* Sounds */,
			);
			path = Resources;
			sourceTree = "<group>";
		};
		7F22622DD5D8311C93AF7291 /* nikoneko */ = {
			isa = PBXGroup;
			children = (
				50865C69F40BED41C96951AB /* App */,
				E3C0318861C43519E75DE61B /* Characters */,
				143871248E2FF0577B88FA07 /* Core */,
				863EAC55D8A89E0182F26D2E /* Features */,
				52EF4A1F3A4C0729480C10C0 /* LiveActivity */,
				6B8EA27D4F2A25635F37A53A /* Resources */,
				3A94E9989EB0B6316DD6075B /* Services */,
				67078DCA44469CD77CD01CCA /* Tests */,
				FB9AAFF4DA062BEB283F2593 /* Widgets */,
			);
			path = nikoneko;
			sourceTree = "<group>";
		};
		863EAC55D8A89E0182F26D2E /* Features */ = {
			isa = PBXGroup;
			children = (
				9A14851F7C908DE0C751BBDA /* Report */,
				CFE742941A1BCCCAE7D2A1B0 /* Settings */,
				CCA5076C5102527D15E08917 /* Summary */,
				B2AB15218B366A80A051A394 /* Timer */,
			);
			path = Features;
			sourceTree = "<group>";
		};
		9A14851F7C908DE0C751BBDA /* Report */ = {
			isa = PBXGroup;
			children = (
				83F9DCA77BE44839B071ADB6 /* BarChartView.swift */,
				39EED6F79092D83B426CB8FD /* ReportView.swift */,
				2033754460492D7D77F18039 /* ReportViewModel.swift */,
				40B2416199CDA9A73244756D /* SessionDetailView.swift */,
			);
			path = Report;
			sourceTree = "<group>";
		};
		A03140EC013430FCCDB1065A /* Theme */ = {
			isa = PBXGroup;
			children = (
				276EE26A2EA0588721536ADC /* ThemeLibrary.swift */,
				3976078715F6225646B2ACBA /* ThemeManager.swift */,
				03D4FF987E86A2ED1BF4CA64 /* ThemeTokens.swift */,
			);
			path = Theme;
			sourceTree = "<group>";
		};
		A2FC1D84DC363E72A632F72E /* IntegrationTests */ = {
			isa = PBXGroup;
			children = (
				A36846EE06F8E6FA0E23F62F /* AppGroupBridgeTests.swift */,
				C8E0F352C37B73F692CC63D0 /* WidgetDataTests.swift */,
			);
			path = IntegrationTests;
			sourceTree = "<group>";
		};
		AA1F8AB125C283D0BAB09631 /* Extensions */ = {
			isa = PBXGroup;
			children = (
				CE70810786A82B53399969C0 /* Color+Hex.swift */,
			);
			path = Extensions;
			sourceTree = "<group>";
		};
		AE62125485B3DC3B898BC020 /* Products */ = {
			isa = PBXGroup;
			children = (
				0F8388470D6412953108A09D /* nikoneko.app */,
				8BC965E669918E66458C20DA /* nikonekoTests.xctest */,
				F32F0C166D5DDA3A539EF0ED /* NikoNekoWidgets.appex */,
			);
			name = Products;
			sourceTree = "<group>";
		};
		B2AB15218B366A80A051A394 /* Timer */ = {
			isa = PBXGroup;
			children = (
				BAFF643108FF44CE0A575F9B /* BPMPanelView.swift */,
				A31A4722E86CCC15FEF8A34E /* CharacterPickerView.swift */,
				15637ACAD2484A82A22BDF92 /* DrumPickerView.swift */,
				683561C28DAAD36040FC64B6 /* TimerView.swift */,
				D23B0F4EDAB5707630CF45A9 /* TimerViewModel.swift */,
			);
			path = Timer;
			sourceTree = "<group>";
		};
		CCA5076C5102527D15E08917 /* Summary */ = {
			isa = PBXGroup;
			children = (
				99EFA2C278A02AF7C6A03F91 /* ShareCardView.swift */,
				5E52428AFEA5830C9CA70441 /* SummaryView.swift */,
				E3C6394E4CA30F033907F733 /* SummaryViewModel.swift */,
			);
			path = Summary;
			sourceTree = "<group>";
		};
		CFE742941A1BCCCAE7D2A1B0 /* Settings */ = {
			isa = PBXGroup;
			children = (
				75A951D7D67AA0736CC5EE18 /* AppearanceView.swift */,
				DA30BB7EC8E9C43340904825 /* DataSyncView.swift */,
				6122A3593C727B79F42BC445 /* DefaultsView.swift */,
				16D4725502CD58ABA44F5E4B /* DisplayView.swift */,
				DA4AE07ADAB1DDD5531BB1A2 /* NotificationsView.swift */,
				3CCED456EC26FF17E1687557 /* SettingsView.swift */,
				9BE1A57D985D42E58F16F21A /* WidgetSettingsView.swift */,
			);
			path = Settings;
			sourceTree = "<group>";
		};
		D4B5397D1A474F610B592EB2 /* UnitTests */ = {
			isa = PBXGroup;
			children = (
				61118AA292061AB685874C87 /* AppGroupDefaultsTests.swift */,
				723CA97A98DB13E1FC5D6DA2 /* BarColorTests.swift */,
				AFD482BE3F0359120522BC4B /* DrumPickerTests.swift */,
				936762368324ECC658B74C0F /* HeartRateServiceTests.swift */,
				33A81F0CC8EA8B77366D5EC9 /* MetronomeServiceTests.swift */,
				0590DDEE163696F0BB7616C5 /* MotionServiceTests.swift */,
				B651FBED4DA2547C58BDD0AF /* ReportViewModelTests.swift */,
				88C0C5D0756AB6633FABFC4D /* SummaryViewModelTests.swift */,
				47C6C35DB6789D15893E88FB /* ThemeLibraryTests.swift */,
				39530A75977A09DA84D2124C /* TimerViewModelTests.swift */,
			);
			path = UnitTests;
			sourceTree = "<group>";
		};
		E3C0318861C43519E75DE61B /* Characters */ = {
			isa = PBXGroup;
			children = (
				50DD77A67A66347DD0654BA7 /* Lottie */,
				1BA07617A1ADF8B82799A917 /* CharacterView.swift */,
				3DC93C89ACDC3B32CD28C3F6 /* LottieCharacterView.swift */,
				1A80A80A06A255F8197DB14B /* PlaceholderCharacterView.swift */,
			);
			path = Characters;
			sourceTree = "<group>";
		};
		EC857D7B90F7F55865B446B8 /* Sounds */ = {
			isa = PBXGroup;
			children = (
				61A73F6EE18AB3CDBB78EDEB /* .gitkeep */,
			);
			path = Sounds;
			sourceTree = "<group>";
		};
		FB9AAFF4DA062BEB283F2593 /* Widgets */ = {
			isa = PBXGroup;
			children = (
				3430F6B294AB76C39EB1E74C /* CalendarWidget.swift */,
				65694CB94D934A70A14FBA1D /* AllStatsWidget.swift */,
				1A91EFC02093F13F7835EC07 /* HeatmapWidget.swift */,
				A773C14EF9E00ACA62E02764 /* Info.plist */,
				FB679D1A96C74C6D9ECC5CB0 /* NikoNekoWidgetBundle.swift */,
				55E4AF6D353E4E702654D308 /* StreakWidget.swift */,
				DE50936AB69144CBBD516119 /* TodayDistanceWidget.swift */,
				02182D9B92964F53988CE1E8 /* TodayStepsWidget.swift */,
				6FC6EC592FDFCB451D671B50 /* TotalTimeWidget.swift */,
				FE2FB9352036C37A85C1E358 /* WidgetSharedData.swift */,
				BD49913BE73D4F229C730940 /* WidgetTheme.swift */,
			);
			path = Widgets;
			sourceTree = "<group>";
		};
/* End PBXGroup section */

/* Begin PBXNativeTarget section */
		153FBF27F168F014C2265E0F /* nikoneko */ = {
			isa = PBXNativeTarget;
			buildConfigurationList = 815F190338B285BE71AFD777 /* Build configuration list for PBXNativeTarget "nikoneko" */;
			buildPhases = (
				0A466BAC5D74639CE605EB89 /* Sources */,
				071EF46E49AACDA97808A030 /* Resources */,
				E98D881927F50B0E1BCDC2ED /* Frameworks */,
			);
			buildRules = (
			);
			dependencies = (
			);
			name = nikoneko;
			packageProductDependencies = (
				E2E7458600F715689DA8114C /* Lottie */,
			);
			productName = nikoneko;
			productReference = 0F8388470D6412953108A09D /* nikoneko.app */;
			productType = "com.apple.product-type.application";
		};
		552EDB75EC9C1D7554D6E648 /* NikoNekoWidgets */ = {
			isa = PBXNativeTarget;
			buildConfigurationList = 9366B9038FB8A849D26EDE31 /* Build configuration list for PBXNativeTarget "NikoNekoWidgets" */;
			buildPhases = (
				71068C11E3E6F4DB050EF0D4 /* Sources */,
			);
			buildRules = (
			);
			dependencies = (
				6B970038C838A4808B9B6F55 /* PBXTargetDependency */,
			);
			name = NikoNekoWidgets;
			packageProductDependencies = (
			);
			productName = NikoNekoWidgets;
			productReference = F32F0C166D5DDA3A539EF0ED /* NikoNekoWidgets.appex */;
			productType = "com.apple.product-type.app-extension";
		};
		77C2074F5C5F1717DAA22D52 /* nikonekoTests */ = {
			isa = PBXNativeTarget;
			buildConfigurationList = 3926EF852E698397AA4CD9DB /* Build configuration list for PBXNativeTarget "nikonekoTests" */;
			buildPhases = (
				40738FF023B517AC55ABC402 /* Sources */,
			);
			buildRules = (
			);
			dependencies = (
				E455C0732CED32DBB7EA6994 /* PBXTargetDependency */,
			);
			name = nikonekoTests;
			packageProductDependencies = (
			);
			productName = nikonekoTests;
			productReference = 8BC965E669918E66458C20DA /* nikonekoTests.xctest */;
			productType = "com.apple.product-type.bundle.unit-test";
		};
/* End PBXNativeTarget section */

/* Begin PBXProject section */
		39764C712F7E7B302B3DCF7F /* Project object */ = {
			isa = PBXProject;
			attributes = {
				BuildIndependentTargetsInParallel = YES;
				LastUpgradeCheck = 1600;
				TargetAttributes = {
					77C2074F5C5F1717DAA22D52 = {
						DevelopmentTeam = B58R97M2WC;
					};
				};
			};
			buildConfigurationList = 79B16ECA7510F2F43ABF5E81 /* Build configuration list for PBXProject "nikoneko" */;
			developmentRegion = en;
			hasScannedForEncodings = 0;
			knownRegions = (
				Base,
				en,
				"zh-Hant",
			);
			mainGroup = 5FCE3792D669DD58AF736091;
			minimizedProjectReferenceProxies = 1;
			packageReferences = (
				7B17D802B95791668061CDDC /* XCRemoteSwiftPackageReference "lottie-ios" */,
			);
			preferredProjectObjectVersion = 77;
			productRefGroup = AE62125485B3DC3B898BC020 /* Products */;
			projectDirPath = "";
			projectRoot = "";
			targets = (
				552EDB75EC9C1D7554D6E648 /* NikoNekoWidgets */,
				153FBF27F168F014C2265E0F /* nikoneko */,
				77C2074F5C5F1717DAA22D52 /* nikonekoTests */,
			);
		};
/* End PBXProject section */

/* Begin PBXResourcesBuildPhase section */
		071EF46E49AACDA97808A030 /* Resources */ = {
			isa = PBXResourcesBuildPhase;
			buildActionMask = 2147483647;
			files = (
				15904655350632AEA9D4E6BA /* Loader cat.json in Resources */,
				084EA4DF5B4146D0B3B9E224 /* Localizable.strings in Resources */,
			);
			runOnlyForDeploymentPostprocessing = 0;
		};
/* End PBXResourcesBuildPhase section */

/* Begin PBXSourcesBuildPhase section */
		0A466BAC5D74639CE605EB89 /* Sources */ = {
			isa = PBXSourcesBuildPhase;
			buildActionMask = 2147483647;
			files = (
				CF9744269F992B9BDEF28D98 /* AppGroupDefaults.swift in Sources */,
				224AA6750F55AB20626DDC1E /* AppearanceView.swift in Sources */,
				5C01188090135C0BDA392DBF /* BLEHeartRateManager.swift in Sources */,
				7A04A782CED3C8A5FDE59A68 /* BPMPanelView.swift in Sources */,
				6075677081CE64D0432D1B04 /* BarChartView.swift in Sources */,
				5FADD0201D1B6E8E31B9B79E /* CharacterPickerView.swift in Sources */,
				45C61964C4251AD7FDD870E9 /* CharacterView.swift in Sources */,
				3B70160644FA316EE67E9F24 /* Color+Hex.swift in Sources */,
				11D640EC8A8243985ED5C6B4 /* ContentView.swift in Sources */,
				CFDAE6CC1A46F86B8C113FB0 /* DataSyncView.swift in Sources */,
				7D2D06F23FD23EDD46FC449C /* DefaultsView.swift in Sources */,
				FFAF81159DD3F1F71B9FD84C /* DisplayView.swift in Sources */,
				1FE862B862923F545FBB6999 /* DrumPickerView.swift in Sources */,
				A21530874B4CE5255B0B71EF /* HealthKitService.swift in Sources */,
				C50EE854F60BBD3C0005656F /* HeartRateService.swift in Sources */,
				32CBC192B0462D0A929B6279 /* JogApp.swift in Sources */,
				ED783424F7C4AFE59C4C4465 /* LanguageManager.swift in Sources */,
				5BB77C26A163FFD28DB3C047 /* LiveActivityService.swift in Sources */,
				A5B6D967C59FA96ADD3304FD /* LottieCharacterView.swift in Sources */,
				D6501BC66A4A5476CA4F2E3A /* MetronomeService.swift in Sources */,
				8AB8674DE987BB6124193A2D /* MotionService.swift in Sources */,
				4FB72CB5628303C7F508576D /* NikoNekoLiveActivityAttributes.swift in Sources */,
				E4DFBCC46CFC50B78E09F947 /* NikoNekoLiveActivityView.swift in Sources */,
				9A7DED754E0D45F4F30FE23C /* NotificationService.swift in Sources */,
				2AACC927B60CDFC431B51819 /* NotificationsView.swift in Sources */,
				A9D26887E563CFFD485F6AFE /* PlaceholderCharacterView.swift in Sources */,
				150770602ED1172F1DFC11AD /* ReportView.swift in Sources */,
				001E3A9E2863961477057DA2 /* ReportViewModel.swift in Sources */,
				1C22AFA84D6C0A451062471B /* RunSession.swift in Sources */,
				C1135C0C4DBE8D721A2B0108 /* SessionDetailView.swift in Sources */,
				70F76358B48AD7AC047E9A78 /* SettingsView.swift in Sources */,
				ACBB147C11F9E8DC31BA296F /* ShareCardView.swift in Sources */,
				3BC28031D6E58F2A5769B129 /* SummaryView.swift in Sources */,
				88B84CC75AACE3C5594864C2 /* SummaryViewModel.swift in Sources */,
				C2FCE20EFCD323FC9BF7E362 /* ThemeLibrary.swift in Sources */,
				82215704DC246B9BB13ECD1A /* ThemeManager.swift in Sources */,
				683D451A170E65E6C8AE53DB /* ThemeTokens.swift in Sources */,
				C53DF6D8656AD38A847A78B4 /* ThresholdConfig.swift in Sources */,
				245588D9C10C8D3D4CDEF8F9 /* TimerView.swift in Sources */,
				F7173C25F57435EC47C9A812 /* TimerViewModel.swift in Sources */,
				7CB244948A1DA1DE6C73A710 /* UserProfile.swift in Sources */,
				A00CD2EFAD44BA1062193307 /* WidgetSettingsView.swift in Sources */,
				116B897AF98886EBC20E141B /* WidgetSharedData.swift in Sources */,
			);
			runOnlyForDeploymentPostprocessing = 0;
		};
		40738FF023B517AC55ABC402 /* Sources */ = {
			isa = PBXSourcesBuildPhase;
			buildActionMask = 2147483647;
			files = (
				4B023B6203D09F52D11F361E /* AppGroupBridgeTests.swift in Sources */,
				F7BC978AD298CDA3A6841412 /* AppGroupDefaultsTests.swift in Sources */,
				698005F3EEAB77449C607BA9 /* BarColorTests.swift in Sources */,
				0E9FA4ACAB221DC27926DC81 /* DrumPickerTests.swift in Sources */,
				8005265A02D7F322507CB587 /* HeartRateServiceTests.swift in Sources */,
				262AB533D5E709E8DDC51585 /* MetronomeServiceTests.swift in Sources */,
				6FA05A34D35CF0FD79085EEB /* MotionServiceTests.swift in Sources */,
				D7AF75D6579CFCBF3B87363A /* ReportViewModelTests.swift in Sources */,
				B9CC082CDCC8698CFD62C27F /* SummaryViewModelTests.swift in Sources */,
				CB0D7B65CA278F3FCD8E67CD /* ThemeLibraryTests.swift in Sources */,
				FA096AF93CDA70DEE91A3501 /* TimerViewModelTests.swift in Sources */,
				97B761E1E11BA02B234FB2C8 /* WidgetDataTests.swift in Sources */,
			);
			runOnlyForDeploymentPostprocessing = 0;
		};
		71068C11E3E6F4DB050EF0D4 /* Sources */ = {
			isa = PBXSourcesBuildPhase;
			buildActionMask = 2147483647;
			files = (
				2E53331D1075FDC6ABF7DBFC /* CalendarWidget.swift in Sources */,
				2A04A0BDC70340CF96700732 /* AllStatsWidget.swift in Sources */,
				0A4CA9A149DCC196B6299F53 /* HeatmapWidget.swift in Sources */,
				38A20A6739EC0EC32EDDAF9F /* NikoNekoWidgetBundle.swift in Sources */,
				E93A8C7AB9AE9AEA912AF603 /* StreakWidget.swift in Sources */,
				75DA61462FD64D9CB669BCF8 /* TodayDistanceWidget.swift in Sources */,
				8CCFF715BB804B23B02EFC87 /* TodayStepsWidget.swift in Sources */,
				BB647FE5566A775E8EBEA2DB /* TotalTimeWidget.swift in Sources */,
				4678815D9F5F462DF49F11BE /* WidgetSharedData.swift in Sources */,
				ADE725D25D31481DB7C2389A /* WidgetTheme.swift in Sources */,
			);
			runOnlyForDeploymentPostprocessing = 0;
		};
/* End PBXSourcesBuildPhase section */

/* Begin PBXTargetDependency section */
		6B970038C838A4808B9B6F55 /* PBXTargetDependency */ = {
			isa = PBXTargetDependency;
			target = 153FBF27F168F014C2265E0F /* nikoneko */;
			targetProxy = 113A6AEF44D6787528AA2F7B /* PBXContainerItemProxy */;
		};
		E455C0732CED32DBB7EA6994 /* PBXTargetDependency */ = {
			isa = PBXTargetDependency;
			target = 153FBF27F168F014C2265E0F /* nikoneko */;
			targetProxy = 4E4325D690ED23E694D12343 /* PBXContainerItemProxy */;
		};
/* End PBXTargetDependency section */

/* Begin PBXVariantGroup section */
		F2C3B82D860DBEAE46000161 /* Localizable.strings */ = {
			isa = PBXVariantGroup;
			children = (
				FF7B559E3D5EF803936C4B5F /* en */,
				9118A77F59F326480E2C1664 /* zh-Hant */,
			);
			name = Localizable.strings;
			sourceTree = "<group>";
		};
/* End PBXVariantGroup section */

/* Begin XCBuildConfiguration section */
		1D146F3EC9DD13A9137ACABF /* Release */ = {
			isa = XCBuildConfiguration;
			buildSettings = {
				BUNDLE_LOADER = "$(TEST_HOST)";
				GENERATE_INFOPLIST_FILE = YES;
				IPHONEOS_DEPLOYMENT_TARGET = 17.0;
				LD_RUNPATH_SEARCH_PATHS = (
					"$(inherited)",
					"@executable_path/Frameworks",
					"@loader_path/Frameworks",
				);
				PRODUCT_BUNDLE_IDENTIFIER = com.fangyu.nikoneko.tests;
				SDKROOT = iphoneos;
				SWIFT_VERSION = 6.0;
				TARGETED_DEVICE_FAMILY = "1,2";
				TEST_HOST = "$(BUILT_PRODUCTS_DIR)/nikoneko.app/nikoneko";
			};
			name = Release;
		};
		289BD2DA3E0179ABDB18F557 /* Release */ = {
			isa = XCBuildConfiguration;
			buildSettings = {
				CODE_SIGN_ENTITLEMENTS = nikoneko/NikoNekoWidgets.entitlements;
				DEVELOPMENT_TEAM = 5A5TMU9JP3;
				INFOPLIST_FILE = nikoneko/Widgets/Info.plist;
				IPHONEOS_DEPLOYMENT_TARGET = 17.0;
				LD_RUNPATH_SEARCH_PATHS = (
					"$(inherited)",
					"@executable_path/Frameworks",
					"@executable_path/../../Frameworks",
				);
				NSExtensionPointIdentifier = "com.apple.widgetkit-extension";
				PRODUCT_BUNDLE_IDENTIFIER = com.fangyu.nikoneko.widgets;
				SDKROOT = iphoneos;
				SWIFT_VERSION = 6.0;
				TARGETED_DEVICE_FAMILY = "1,2";
			};
			name = Release;
		};
		3E43AAF97FB4FCF06420B9DF /* Debug */ = {
			isa = XCBuildConfiguration;
			buildSettings = {
				ASSETCATALOG_COMPILER_APPICON_NAME = AppIcon;
				CODE_SIGN_ENTITLEMENTS = nikoneko/nikoneko.entitlements;
				CODE_SIGN_IDENTITY = "Apple Development";
				CODE_SIGN_STYLE = Automatic;
				DEVELOPMENT_TEAM = W3L4T944MU;
				INFOPLIST_FILE = nikoneko/App/Info.plist;
				IPHONEOS_DEPLOYMENT_TARGET = 17.0;
				LD_RUNPATH_SEARCH_PATHS = (
					"$(inherited)",
					"@executable_path/Frameworks",
				);
				PRODUCT_BUNDLE_IDENTIFIER = com.fangyu.nikonekoo;
				PROVISIONING_PROFILE_SPECIFIER = "";
				SDKROOT = iphoneos;
				SWIFT_VERSION = 6.0;
				TARGETED_DEVICE_FAMILY = "1,2";
			};
			name = Debug;
		};
		4CEA3CB4ABE5EA31F163F370 /* Debug */ = {
			isa = XCBuildConfiguration;
			buildSettings = {
				BUNDLE_LOADER = "$(TEST_HOST)";
				GENERATE_INFOPLIST_FILE = YES;
				IPHONEOS_DEPLOYMENT_TARGET = 17.0;
				LD_RUNPATH_SEARCH_PATHS = (
					"$(inherited)",
					"@executable_path/Frameworks",
					"@loader_path/Frameworks",
				);
				PRODUCT_BUNDLE_IDENTIFIER = com.fangyu.nikoneko.tests;
				SDKROOT = iphoneos;
				SWIFT_VERSION = 6.0;
				TARGETED_DEVICE_FAMILY = "1,2";
				TEST_HOST = "$(BUILT_PRODUCTS_DIR)/nikoneko.app/nikoneko";
			};
			name = Debug;
		};
		51D3C17247E282224CBBEC4A /* Debug */ = {
			isa = XCBuildConfiguration;
			buildSettings = {
				ALWAYS_SEARCH_USER_PATHS = NO;
				CLANG_ANALYZER_NONNULL = YES;
				CLANG_ANALYZER_NUMBER_OBJECT_CONVERSION = YES_AGGRESSIVE;
				CLANG_CXX_LANGUAGE_STANDARD = "gnu++14";
				CLANG_CXX_LIBRARY = "libc++";
				CLANG_ENABLE_MODULES = YES;
				CLANG_ENABLE_OBJC_ARC = YES;
				CLANG_ENABLE_OBJC_WEAK = YES;
				CLANG_WARN_BLOCK_CAPTURE_AUTORELEASING = YES;
				CLANG_WARN_BOOL_CONVERSION = YES;
				CLANG_WARN_COMMA = YES;
				CLANG_WARN_CONSTANT_CONVERSION = YES;
				CLANG_WARN_DEPRECATED_OBJC_IMPLEMENTATIONS = YES;
				CLANG_WARN_DIRECT_OBJC_ISA_USAGE = YES_ERROR;
				CLANG_WARN_DOCUMENTATION_COMMENTS = YES;
				CLANG_WARN_EMPTY_BODY = YES;
				CLANG_WARN_ENUM_CONVERSION = YES;
				CLANG_WARN_INFINITE_RECURSION = YES;
				CLANG_WARN_INT_CONVERSION = YES;
				CLANG_WARN_NON_LITERAL_NULL_CONVERSION = YES;
				CLANG_WARN_OBJC_IMPLICIT_RETAIN_SELF = YES;
				CLANG_WARN_OBJC_LITERAL_CONVERSION = YES;
				CLANG_WARN_OBJC_ROOT_CLASS = YES_ERROR;
				CLANG_WARN_QUOTED_INCLUDE_IN_FRAMEWORK_HEADER = YES;
				CLANG_WARN_RANGE_LOOP_ANALYSIS = YES;
				CLANG_WARN_STRICT_PROTOTYPES = YES;
				CLANG_WARN_SUSPICIOUS_MOVE = YES;
				CLANG_WARN_UNGUARDED_AVAILABILITY = YES_AGGRESSIVE;
				CLANG_WARN_UNREACHABLE_CODE = YES;
				CLANG_WARN__DUPLICATE_METHOD_MATCH = YES;
				COPY_PHASE_STRIP = NO;
				DEBUG_INFORMATION_FORMAT = dwarf;
				DEVELOPMENT_TEAM = B58R97M2WC;
				ENABLE_STRICT_OBJC_MSGSEND = YES;
				ENABLE_TESTABILITY = YES;
				GCC_C_LANGUAGE_STANDARD = gnu11;
				GCC_DYNAMIC_NO_PIC = NO;
				GCC_NO_COMMON_BLOCKS = YES;
				GCC_OPTIMIZATION_LEVEL = 0;
				GCC_PREPROCESSOR_DEFINITIONS = (
					"$(inherited)",
					"DEBUG=1",
				);
				GCC_WARN_64_TO_32_BIT_CONVERSION = YES;
				GCC_WARN_ABOUT_RETURN_TYPE = YES_ERROR;
				GCC_WARN_UNDECLARED_SELECTOR = YES;
				GCC_WARN_UNINITIALIZED_AUTOS = YES_AGGRESSIVE;
				GCC_WARN_UNUSED_FUNCTION = YES;
				GCC_WARN_UNUSED_VARIABLE = YES;
				IPHONEOS_DEPLOYMENT_TARGET = 17.0;
				MTL_ENABLE_DEBUG_INFO = INCLUDE_SOURCE;
				MTL_FAST_MATH = YES;
				ONLY_ACTIVE_ARCH = YES;
				PRODUCT_NAME = "$(TARGET_NAME)";
				SDKROOT = iphoneos;
				SWIFT_ACTIVE_COMPILATION_CONDITIONS = DEBUG;
				SWIFT_OPTIMIZATION_LEVEL = "-Onone";
				SWIFT_VERSION = 6.0;
			};
			name = Debug;
		};
		591D8489D91C53D9720CCD1E /* Release */ = {
			isa = XCBuildConfiguration;
			buildSettings = {
				ASSETCATALOG_COMPILER_APPICON_NAME = AppIcon;
				CODE_SIGN_ENTITLEMENTS = nikoneko/nikoneko.entitlements;
				CODE_SIGN_IDENTITY = "Apple Development";
				CODE_SIGN_STYLE = Automatic;
				DEVELOPMENT_TEAM = W3L4T944MU;
				INFOPLIST_FILE = nikoneko/App/Info.plist;
				IPHONEOS_DEPLOYMENT_TARGET = 17.0;
				LD_RUNPATH_SEARCH_PATHS = (
					"$(inherited)",
					"@executable_path/Frameworks",
				);
				PRODUCT_BUNDLE_IDENTIFIER = com.fangyu.nikonekoo;
				PROVISIONING_PROFILE_SPECIFIER = "";
				SDKROOT = iphoneos;
				SWIFT_VERSION = 6.0;
				TARGETED_DEVICE_FAMILY = "1,2";
			};
			name = Release;
		};
		69A38E91887AFA9F7A0E5286 /* Release */ = {
			isa = XCBuildConfiguration;
			buildSettings = {
				ALWAYS_SEARCH_USER_PATHS = NO;
				CLANG_ANALYZER_NONNULL = YES;
				CLANG_ANALYZER_NUMBER_OBJECT_CONVERSION = YES_AGGRESSIVE;
				CLANG_CXX_LANGUAGE_STANDARD = "gnu++14";
				CLANG_CXX_LIBRARY = "libc++";
				CLANG_ENABLE_MODULES = YES;
				CLANG_ENABLE_OBJC_ARC = YES;
				CLANG_ENABLE_OBJC_WEAK = YES;
				CLANG_WARN_BLOCK_CAPTURE_AUTORELEASING = YES;
				CLANG_WARN_BOOL_CONVERSION = YES;
				CLANG_WARN_COMMA = YES;
				CLANG_WARN_CONSTANT_CONVERSION = YES;
				CLANG_WARN_DEPRECATED_OBJC_IMPLEMENTATIONS = YES;
				CLANG_WARN_DIRECT_OBJC_ISA_USAGE = YES_ERROR;
				CLANG_WARN_DOCUMENTATION_COMMENTS = YES;
				CLANG_WARN_EMPTY_BODY = YES;
				CLANG_WARN_ENUM_CONVERSION = YES;
				CLANG_WARN_INFINITE_RECURSION = YES;
				CLANG_WARN_INT_CONVERSION = YES;
				CLANG_WARN_NON_LITERAL_NULL_CONVERSION = YES;
				CLANG_WARN_OBJC_IMPLICIT_RETAIN_SELF = YES;
				CLANG_WARN_OBJC_LITERAL_CONVERSION = YES;
				CLANG_WARN_OBJC_ROOT_CLASS = YES_ERROR;
				CLANG_WARN_QUOTED_INCLUDE_IN_FRAMEWORK_HEADER = YES;
				CLANG_WARN_RANGE_LOOP_ANALYSIS = YES;
				CLANG_WARN_STRICT_PROTOTYPES = YES;
				CLANG_WARN_SUSPICIOUS_MOVE = YES;
				CLANG_WARN_UNGUARDED_AVAILABILITY = YES_AGGRESSIVE;
				CLANG_WARN_UNREACHABLE_CODE = YES;
				CLANG_WARN__DUPLICATE_METHOD_MATCH = YES;
				COPY_PHASE_STRIP = NO;
				DEBUG_INFORMATION_FORMAT = "dwarf-with-dsym";
				DEVELOPMENT_TEAM = B58R97M2WC;
				ENABLE_NS_ASSERTIONS = NO;
				ENABLE_STRICT_OBJC_MSGSEND = YES;
				GCC_C_LANGUAGE_STANDARD = gnu11;
				GCC_NO_COMMON_BLOCKS = YES;
				GCC_WARN_64_TO_32_BIT_CONVERSION = YES;
				GCC_WARN_ABOUT_RETURN_TYPE = YES_ERROR;
				GCC_WARN_UNDECLARED_SELECTOR = YES;
				GCC_WARN_UNINITIALIZED_AUTOS = YES_AGGRESSIVE;
				GCC_WARN_UNUSED_FUNCTION = YES;
				GCC_WARN_UNUSED_VARIABLE = YES;
				IPHONEOS_DEPLOYMENT_TARGET = 17.0;
				MTL_ENABLE_DEBUG_INFO = NO;
				MTL_FAST_MATH = YES;
				PRODUCT_NAME = "$(TARGET_NAME)";
				SDKROOT = iphoneos;
				SWIFT_COMPILATION_MODE = wholemodule;
				SWIFT_OPTIMIZATION_LEVEL = "-O";
				SWIFT_VERSION = 6.0;
			};
			name = Release;
		};
		977CB5F7A645CB92AF436D72 /* Debug */ = {
			isa = XCBuildConfiguration;
			buildSettings = {
				CODE_SIGN_ENTITLEMENTS = nikoneko/NikoNekoWidgets.entitlements;
				DEVELOPMENT_TEAM = 5A5TMU9JP3;
				INFOPLIST_FILE = nikoneko/Widgets/Info.plist;
				IPHONEOS_DEPLOYMENT_TARGET = 17.0;
				LD_RUNPATH_SEARCH_PATHS = (
					"$(inherited)",
					"@executable_path/Frameworks",
					"@executable_path/../../Frameworks",
				);
				NSExtensionPointIdentifier = "com.apple.widgetkit-extension";
				PRODUCT_BUNDLE_IDENTIFIER = com.fangyu.nikoneko.widgets;
				SDKROOT = iphoneos;
				SWIFT_VERSION = 6.0;
				TARGETED_DEVICE_FAMILY = "1,2";
			};
			name = Debug;
		};
/* End XCBuildConfiguration section */

/* Begin XCConfigurationList section */
		3926EF852E698397AA4CD9DB /* Build configuration list for PBXNativeTarget "nikonekoTests" */ = {
			isa = XCConfigurationList;
			buildConfigurations = (
				4CEA3CB4ABE5EA31F163F370 /* Debug */,
				1D146F3EC9DD13A9137ACABF /* Release */,
			);
			defaultConfigurationIsVisible = 0;
			defaultConfigurationName = Debug;
		};
		79B16ECA7510F2F43ABF5E81 /* Build configuration list for PBXProject "nikoneko" */ = {
			isa = XCConfigurationList;
			buildConfigurations = (
				51D3C17247E282224CBBEC4A /* Debug */,
				69A38E91887AFA9F7A0E5286 /* Release */,
			);
			defaultConfigurationIsVisible = 0;
			defaultConfigurationName = Debug;
		};
		815F190338B285BE71AFD777 /* Build configuration list for PBXNativeTarget "nikoneko" */ = {
			isa = XCConfigurationList;
			buildConfigurations = (
				3E43AAF97FB4FCF06420B9DF /* Debug */,
				591D8489D91C53D9720CCD1E /* Release */,
			);
			defaultConfigurationIsVisible = 0;
			defaultConfigurationName = Debug;
		};
		9366B9038FB8A849D26EDE31 /* Build configuration list for PBXNativeTarget "NikoNekoWidgets" */ = {
			isa = XCConfigurationList;
			buildConfigurations = (
				977CB5F7A645CB92AF436D72 /* Debug */,
				289BD2DA3E0179ABDB18F557 /* Release */,
			);
			defaultConfigurationIsVisible = 0;
			defaultConfigurationName = Debug;
		};
/* End XCConfigurationList section */

/* Begin XCRemoteSwiftPackageReference section */
		7B17D802B95791668061CDDC /* XCRemoteSwiftPackageReference "lottie-ios" */ = {
			isa = XCRemoteSwiftPackageReference;
			repositoryURL = "https://github.com/airbnb/lottie-ios";
			requirement = {
				kind = upToNextMinorVersion;
				minimumVersion = 4.5.0;
			};
		};
/* End XCRemoteSwiftPackageReference section */

/* Begin XCSwiftPackageProductDependency section */
		E2E7458600F715689DA8114C /* Lottie */ = {
			isa = XCSwiftPackageProductDependency;
			package = 7B17D802B95791668061CDDC /* XCRemoteSwiftPackageReference "lottie-ios" */;
			productName = Lottie;
		};
/* End XCSwiftPackageProductDependency section */
	};
	rootObject = 39764C712F7E7B302B3DCF7F /* Project object */;
}
